// !$*UTF8*$!
{
	archiveVersion = 1;
	classes = {
	};
	objectVersion = 55;
	objects = {

/* Begin PBXBuildFile section */
		90763A6F280E5B0900AB956E /* SunnySideAgencyLandingPageApp.swift in Sources */ = {isa = PBXBuildFile; fileRef = 90763A5F280E5B0800AB956E /* SunnySideAgencyLandingPageApp.swift */; };
		90763A70280E5B0900AB956E /* SunnySideAgencyLandingPageApp.swift in Sources */ = {isa = PBXBuildFile; fileRef = 90763A5F280E5B0800AB956E /* SunnySideAgencyLandingPageApp.swift */; };
		90763A71280E5B0900AB956E /* ContentView.swift in Sources */ = {isa = PBXBuildFile; fileRef = 90763A60280E5B0800AB956E /* ContentView.swift */; };
		90763A72280E5B0900AB956E /* ContentView.swift in Sources */ = {isa = PBXBuildFile; fileRef = 90763A60280E5B0800AB956E /* ContentView.swift */; };
		90763A73280E5B0900AB956E /* Assets.xcassets in Resources */ = {isa = PBXBuildFile; fileRef = 90763A61280E5B0900AB956E /* Assets.xcassets */; };
		90763A74280E5B0900AB956E /* Assets.xcassets in Resources */ = {isa = PBXBuildFile; fileRef = 90763A61280E5B0900AB956E /* Assets.xcassets */; };
		90763A82280E5E3900AB956E /* HeaderView.swift in Sources */ = {isa = PBXBuildFile; fileRef = 90763A81280E5E3900AB956E /* HeaderView.swift */; };
		90763A84280E5EB900AB956E /* TopNavigationView.swift in Sources */ = {isa = PBXBuildFile; fileRef = 90763A83280E5EB900AB956E /* TopNavigationView.swift */; };
		90763A86280E5EC500AB956E /* OrangeDecorView.swift in Sources */ = {isa = PBXBuildFile; fileRef = 90763A85280E5EC500AB956E /* OrangeDecorView.swift */; };
		90763A89280E62F000AB956E /* EggView.swift in Sources */ = {isa = PBXBuildFile; fileRef = 90763A88280E62F000AB956E /* EggView.swift */; };
		90763A8B280E645400AB956E /* TransformView.swift in Sources */ = {isa = PBXBuildFile; fileRef = 90763A8A280E645400AB956E /* TransformView.swift */; };
/* End PBXBuildFile section */

/* Begin PBXFileReference section */
		90763A5F280E5B0800AB956E /* SunnySideAgencyLandingPageApp.swift */ = {isa = PBXFileReference; lastKnownFileType = sourcecode.swift; path = SunnySideAgencyLandingPageApp.swift; sourceTree = "<group>"; };
		90763A60280E5B0800AB956E /* ContentView.swift */ = {isa = PBXFileReference; lastKnownFileType = sourcecode.swift; path = ContentView.swift; sourceTree = "<group>"; };
		90763A61280E5B0900AB956E /* Assets.xcassets */ = {isa = PBXFileReference; lastKnownFileType = folder.assetcatalog; path = Assets.xcassets; sourceTree = "<group>"; };
		90763A66280E5B0900AB956E /* SunnySide Agency Landing Page.app */ = {isa = PBXFileReference; explicitFileType = wrapper.application; includeInIndex = 0; path = "SunnySide Agency Landing Page.app"; sourceTree = BUILT_PRODUCTS_DIR; };
		90763A6C280E5B0900AB956E /* SunnySide Agency Landing Page.app */ = {isa = PBXFileReference; explicitFileType = wrapper.application; includeInIndex = 0; path = "SunnySide Agency Landing Page.app"; sourceTree = BUILT_PRODUCTS_DIR; };
		90763A6E280E5B0900AB956E /* macOS.entitlements */ = {isa = PBXFileReference; lastKnownFileType = text.plist.entitlements; path = macOS.entitlements; sourceTree = "<group>"; };
		90763A81280E5E3900AB956E /* HeaderView.swift */ = {isa = PBXFileReference; lastKnownFileType = sourcecode.swift; path = HeaderView.swift; sourceTree = "<group>"; };
		90763A83280E5EB900AB956E /* TopNavigationView.swift */ = {isa = PBXFileReference; lastKnownFileType = sourcecode.swift; path = TopNavigationView.swift; sourceTree = "<group>"; };
		90763A85280E5EC500AB956E /* OrangeDecorView.swift */ = {isa = PBXFileReference; lastKnownFileType = sourcecode.swift; path = OrangeDecorView.swift; sourceTree = "<group>"; };
		90763A88280E62F000AB956E /* EggView.swift */ = {isa = PBXFileReference; lastKnownFileType = sourcecode.swift; path = EggView.swift; sourceTree = "<group>"; };
		90763A8A280E645400AB956E /* TransformView.swift */ = {isa = PBXFileReference; lastKnownFileType = sourcecode.swift; path = TransformView.swift; sourceTree = "<group>"; };
/* End PBXFileReference section */

/* Begin PBXFrameworksBuildPhase section */
		90763A63280E5B0900AB956E /* Frameworks */ = {
			isa = PBXFrameworksBuildPhase;
			buildActionMask = 2147483647;
			files = (
			);
			runOnlyForDeploymentPostprocessing = 0;
		};
		90763A69280E5B0900AB956E /* Frameworks */ = {
			isa = PBXFrameworksBuildPhase;
			buildActionMask = 2147483647;
			files = (
			);
			runOnlyForDeploymentPostprocessing = 0;
		};
/* End PBXFrameworksBuildPhase section */

/* Begin PBXGroup section */
		90763A59280E5B0700AB956E = {
			isa = PBXGroup;
			children = (
				90763A5E280E5B0800AB956E /* Shared */,
				90763A6D280E5B0900AB956E /* macOS */,
				90763A67280E5B0900AB956E /* Products */,
			);
			sourceTree = "<group>";
		};
		90763A5E280E5B0800AB956E /* Shared */ = {
			isa = PBXGroup;
			children = (
				90763A7F280E5B3500AB956E /* Models */,
				90763A7E280E5B2C00AB956E /* Views */,
				90763A7D280E5B1C00AB956E /* App */,
			);
			path = Shared;
			sourceTree = "<group>";
		};
		90763A67280E5B0900AB956E /* Products */ = {
			isa = PBXGroup;
			children = (
				90763A66280E5B0900AB956E /* SunnySide Agency Landing Page.app */,
				90763A6C280E5B0900AB956E /* SunnySide Agency Landing Page.app */,
			);
			name = Products;
			sourceTree = "<group>";
		};
		90763A6D280E5B0900AB956E /* macOS */ = {
			isa = PBXGroup;
			children = (
				90763A6E280E5B0900AB956E /* macOS.entitlements */,
			);
			path = macOS;
			sourceTree = "<group>";
		};
		90763A7D280E5B1C00AB956E /* App */ = {
			isa = PBXGroup;
			children = (
				90763A61280E5B0900AB956E /* Assets.xcassets */,
				90763A5F280E5B0800AB956E /* SunnySideAgencyLandingPageApp.swift */,
			);
			path = App;
			sourceTree = "<group>";
		};
		90763A7E280E5B2C00AB956E /* Views */ = {
			isa = PBXGroup;
			children = (
				90763A87280E62E100AB956E /* Inserts */,
				90763A80280E5E2900AB956E /* Header */,
				90763A60280E5B0800AB956E /* ContentView.swift */,
			);
			path = Views;
			sourceTree = "<group>";
		};
		90763A7F280E5B3500AB956E /* Models */ = {
			isa = PBXGroup;
			children = (
			);
			path = Models;
			sourceTree = "<group>";
		};
		90763A80280E5E2900AB956E /* Header */ = {
			isa = PBXGroup;
			children = (
				90763A81280E5E3900AB956E /* HeaderView.swift */,
				90763A83280E5EB900AB956E /* TopNavigationView.swift */,
				90763A85280E5EC500AB956E /* OrangeDecorView.swift */,
			);
			path = Header;
			sourceTree = "<group>";
		};
		90763A87280E62E100AB956E /* Inserts */ = {
			isa = PBXGroup;
			children = (
				90763A88280E62F000AB956E /* EggView.swift */,
				90763A8A280E645400AB956E /* TransformView.swift */,
			);
			path = Inserts;
			sourceTree = "<group>";
		};
/* End PBXGroup section */

/* Begin PBXNativeTarget section */
		90763A65280E5B0900AB956E /* SunnySide Agency Landing Page (iOS) */ = {
			isa = PBXNativeTarget;
			buildConfigurationList = 90763A77280E5B0900AB956E /* Build configuration list for PBXNativeTarget "SunnySide Agency Landing Page (iOS)" */;
			buildPhases = (
				90763A62280E5B0900AB956E /* Sources */,
				90763A63280E5B0900AB956E /* Frameworks */,
				90763A64280E5B0900AB956E /* Resources */,
			);
			buildRules = (
			);
			dependencies = (
			);
			name = "SunnySide Agency Landing Page (iOS)";
			productName = "SunnySideAgencyLandingPage (iOS)";
			productReference = 90763A66280E5B0900AB956E /* SunnySide Agency Landing Page.app */;
			productType = "com.apple.product-type.application";
		};
		90763A6B280E5B0900AB956E /* SunnySide Agency Landing Page (macOS) */ = {
			isa = PBXNativeTarget;
			buildConfigurationList = 90763A7A280E5B0900AB956E /* Build configuration list for PBXNativeTarget "SunnySide Agency Landing Page (macOS)" */;
			buildPhases = (
				90763A68280E5B0900AB956E /* Sources */,
				90763A69280E5B0900AB956E /* Frameworks */,
				90763A6A280E5B0900AB956E /* Resources */,
			);
			buildRules = (
			);
			dependencies = (
			);
			name = "SunnySide Agency Landing Page (macOS)";
			productName = "SunnySideAgencyLandingPage (macOS)";
			productReference = 90763A6C280E5B0900AB956E /* SunnySide Agency Landing Page.app */;
			productType = "com.apple.product-type.application";
		};
/* End PBXNativeTarget section */

/* Begin PBXProject section */
		90763A5A280E5B0700AB956E /* Project object */ = {
			isa = PBXProject;
			attributes = {
				BuildIndependentTargetsInParallel = 1;
				LastSwiftUpdateCheck = 1330;
				LastUpgradeCheck = 1330;
				TargetAttributes = {
					90763A65280E5B0900AB956E = {
						CreatedOnToolsVersion = 13.3;
					};
					90763A6B280E5B0900AB956E = {
						CreatedOnToolsVersion = 13.3;
					};
				};
			};
			buildConfigurationList = 90763A5D280E5B0700AB956E /* Build configuration list for PBXProject "SunnySide Agency Landing Page" */;
			compatibilityVersion = "Xcode 13.0";
			developmentRegion = en;
			hasScannedForEncodings = 0;
			knownRegions = (
				en,
				Base,
			);
			mainGroup = 90763A59280E5B0700AB956E;
			productRefGroup = 90763A67280E5B0900AB956E /* Products */;
			projectDirPath = "";
			projectRoot = "";
			targets = (
				90763A65280E5B0900AB956E /* SunnySide Agency Landing Page (iOS) */,
				90763A6B280E5B0900AB956E /* SunnySide Agency Landing Page (macOS) */,
			);
		};
/* End PBXProject section */

/* Begin PBXResourcesBuildPhase section */
		90763A64280E5B0900AB956E /* Resources */ = {
			isa = PBXResourcesBuildPhase;
			buildActionMask = 2147483647;
			files = (
				90763A73280E5B0900AB956E /* Assets.xcassets in Resources */,
			);
			runOnlyForDeploymentPostprocessing = 0;
		};
		90763A6A280E5B0900AB956E /* Resources */ = {
			isa = PBXResourcesBuildPhase;
			buildActionMask = 2147483647;
			files = (
				90763A74280E5B0900AB956E /* Assets.xcassets in Resources */,
			);
			runOnlyForDeploymentPostprocessing = 0;
		};
/* End PBXResourcesBuildPhase section */

/* Begin PBXSourcesBuildPhase section */
		90763A62280E5B0900AB956E /* Sources */ = {
			isa = PBXSourcesBuildPhase;
			buildActionMask = 2147483647;
			files = (
				90763A86280E5EC500AB956E /* OrangeDecorView.swift in Sources */,
				90763A84280E5EB900AB956E /* TopNavigationView.swift in Sources */,
				90763A89280E62F000AB956E /* EggView.swift in Sources */,
				90763A71280E5B0900AB956E /* ContentView.swift in Sources */,
				90763A8B280E645400AB956E /* TransformView.swift in Sources */,
				90763A82280E5E3900AB956E /* HeaderView.swift in Sources */,
				90763A6F280E5B0900AB956E /* SunnySideAgencyLandingPageApp.swift in Sources */,
			);
			runOnlyForDeploymentPostprocessing = 0;
		};
		90763A68280E5B0900AB956E /* Sources */ = {
			isa = PBXSourcesBuildPhase;
			buildActionMask = 2147483647;
			files = (
				90763A72280E5B0900AB956E /* ContentView.swift in Sources */,
				90763A70280E5B0900AB956E /* SunnySideAgencyLandingPageApp.swift in Sources */,
			);
			runOnlyForDeploymentPostprocessing = 0;
		};
/* End PBXSourcesBuildPhase section */

/* Begin XCBuildConfiguration section */
		90763A75280E5B0900AB956E /* Debug */ = {
			isa = XCBuildConfiguration;
			buildSettings = {
				ALWAYS_SEARCH_USER_PATHS = NO;
				CLANG_ANALYZER_NONNULL = YES;
				CLANG_ANALYZER_NUMBER_OBJECT_CONVERSION = YES_AGGRESSIVE;
				CLANG_CXX_LANGUAGE_STANDARD = "gnu++17";
				CLANG_ENABLE_MODULES = YES;
				CLANG_ENABLE_OBJC_ARC = YES;
				CLANG_ENABLE_OBJC_WEAK = YES;
				CLANG_WARN_BLOCK_CAPTURE_AUTORELEASING = YES;
				CLANG_WARN_BOOL_CONVERSION = YES;
				CLANG_WARN_COMMA = YES;
				CLANG_WARN_CONSTANT_CONVERSION = YES;
				CLANG_WARN_DEPRECATED_OBJC_IMPLEMENTATIONS = YES;
				CLANG_WARN_DIRECT_OBJC_ISA_USAGE = YES_ERROR;
				CLANG_WARN_DOCUMENTATION_COMMENTS = YES;
				CLANG_WARN_EMPTY_BODY = YES;
				CLANG_WARN_ENUM_CONVERSION = YES;
				CLANG_WARN_INFINITE_RECURSION = YES;
				CLANG_WARN_INT_CONVERSION = YES;
				CLANG_WARN_NON_LITERAL_NULL_CONVERSION = YES;
				CLANG_WARN_OBJC_IMPLICIT_RETAIN_SELF = YES;
				CLANG_WARN_OBJC_LITERAL_CONVERSION = YES;
				CLANG_WARN_OBJC_ROOT_CLASS = YES_ERROR;
				CLANG_WARN_QUOTED_INCLUDE_IN_FRAMEWORK_HEADER = YES;
				CLANG_WARN_RANGE_LOOP_ANALYSIS = YES;
				CLANG_WARN_STRICT_PROTOTYPES = YES;
				CLANG_WARN_SUSPICIOUS_MOVE = YES;
				CLANG_WARN_UNGUARDED_AVAILABILITY = YES_AGGRESSIVE;
				CLANG_WARN_UNREACHABLE_CODE = YES;
				CLANG_WARN__DUPLICATE_METHOD_MATCH = YES;
				COPY_PHASE_STRIP = NO;
				DEBUG_INFORMATION_FORMAT = dwarf;
				ENABLE_STRICT_OBJC_MSGSEND = YES;
				ENABLE_TESTABILITY = YES;
				GCC_C_LANGUAGE_STANDARD = gnu11;
				GCC_DYNAMIC_NO_PIC = NO;
				GCC_NO_COMMON_BLOCKS = YES;
				GCC_OPTIMIZATION_LEVEL = 0;
				GCC_PREPROCESSOR_DEFINITIONS = (
					"DEBUG=1",
					"$(inherited)",
				);
				GCC_WARN_64_TO_32_BIT_CONVERSION = YES;
				GCC_WARN_ABOUT_RETURN_TYPE = YES_ERROR;
				GCC_WARN_UNDECLARED_SELECTOR = YES;
				GCC_WARN_UNINITIALIZED_AUTOS = YES_AGGRESSIVE;
				GCC_WARN_UNUSED_FUNCTION = YES;
				GCC_WARN_UNUSED_VARIABLE = YES;
				IPHONEOS_DEPLOYMENT_TARGET = 15.4;
				MACOSX_DEPLOYMENT_TARGET = 12.3;
				MTL_ENABLE_DEBUG_INFO = INCLUDE_SOURCE;
				MTL_FAST_MATH = YES;
				ONLY_ACTIVE_ARCH = YES;
				SWIFT_ACTIVE_COMPILATION_CONDITIONS = DEBUG;
				SWIFT_OPTIMIZATION_LEVEL = "-Onone";
			};
			name = Debug;
		};
		90763A76280E5B0900AB956E /* Release */ = {
			isa = XCBuildConfiguration;
			buildSettings = {
				ALWAYS_SEARCH_USER_PATHS = NO;
				CLANG_ANALYZER_NONNULL = YES;
				CLANG_ANALYZER_NUMBER_OBJECT_CONVERSION = YES_AGGRESSIVE;
				CLANG_CXX_LANGUAGE_STANDARD = "gnu++17";
				CLANG_ENABLE_MODULES = YES;
				CLANG_ENABLE_OBJC_ARC = YES;
				CLANG_ENABLE_OBJC_WEAK = YES;
				CLANG_WARN_BLOCK_CAPTURE_AUTORELEASING = YES;
				CLANG_WARN_BOOL_CONVERSION = YES;
				CLANG_WARN_COMMA = YES;
				CLANG_WARN_CONSTANT_CONVERSION = YES;
				CLANG_WARN_DEPRECATED_OBJC_IMPLEMENTATIONS = YES;
				CLANG_WARN_DIRECT_OBJC_ISA_USAGE = YES_ERROR;
				CLANG_WARN_DOCUMENTATION_COMMENTS = YES;
				CLANG_WARN_EMPTY_BODY = YES;
				CLANG_WARN_ENUM_CONVERSION = YES;
				CLANG_WARN_INFINITE_RECURSION = YES;
				CLANG_WARN_INT_CONVERSION = YES;
				CLANG_WARN_NON_LITERAL_NULL_CONVERSION = YES;
				CLANG_WARN_OBJC_IMPLICIT_RETAIN_SELF = YES;
				CLANG_WARN_OBJC_LITERAL_CONVERSION = YES;
				CLANG_WARN_OBJC_ROOT_CLASS = YES_ERROR;
				CLANG_WARN_QUOTED_INCLUDE_IN_FRAMEWORK_HEADER = YES;
				CLANG_WARN_RANGE_LOOP_ANALYSIS = YES;
				CLANG_WARN_STRICT_PROTOTYPES = YES;
				CLANG_WARN_SUSPICIOUS_MOVE = YES;
				CLANG_WARN_UNGUARDED_AVAILABILITY = YES_AGGRESSIVE;
				CLANG_WARN_UNREACHABLE_CODE = YES;
				CLANG_WARN__DUPLICATE_METHOD_MATCH = YES;
				COPY_PHASE_STRIP = NO;
				DEBUG_INFORMATION_FORMAT = "dwarf-with-dsym";
				ENABLE_NS_ASSERTIONS = NO;
				ENABLE_STRICT_OBJC_MSGSEND = YES;
				GCC_C_LANGUAGE_STANDARD = gnu11;
				GCC_NO_COMMON_BLOCKS = YES;
				GCC_WARN_64_TO_32_BIT_CONVERSION = YES;
				GCC_WARN_ABOUT_RETURN_TYPE = YES_ERROR;
				GCC_WARN_UNDECLARED_SELECTOR = YES;
				GCC_WARN_UNINITIALIZED_AUTOS = YES_AGGRESSIVE;
				GCC_WARN_UNUSED_FUNCTION = YES;
				GCC_WARN_UNUSED_VARIABLE = YES;
				IPHONEOS_DEPLOYMENT_TARGET = 15.4;
				MACOSX_DEPLOYMENT_TARGET = 12.3;
				MTL_ENABLE_DEBUG_INFO = NO;
				MTL_FAST_MATH = YES;
				SWIFT_COMPILATION_MODE = wholemodule;
				SWIFT_OPTIMIZATION_LEVEL = "-O";
			};
			name = Release;
		};
		90763A78280E5B0900AB956E /* Debug */ = {
			isa = XCBuildConfiguration;
			buildSettings = {
				ASSETCATALOG_COMPILER_APPICON_NAME = AppIcon;
				ASSETCATALOG_COMPILER_GLOBAL_ACCENT_COLOR_NAME = AccentColor;
				CODE_SIGN_STYLE = Automatic;
				CURRENT_PROJECT_VERSION = 1;
				DEVELOPMENT_TEAM = 862P2X6G9G;
				ENABLE_PREVIEWS = YES;
				GENERATE_INFOPLIST_FILE = YES;
				INFOPLIST_KEY_UIApplicationSceneManifest_Generation = YES;
				INFOPLIST_KEY_UIApplicationSupportsIndirectInputEvents = YES;
				INFOPLIST_KEY_UILaunchScreen_Generation = YES;
				INFOPLIST_KEY_UISupportedInterfaceOrientations_iPad = "UIInterfaceOrientationPortrait UIInterfaceOrientationPortraitUpsideDown UIInterfaceOrientationLandscapeLeft UIInterfaceOrientationLandscapeRight";
				INFOPLIST_KEY_UISupportedInterfaceOrientations_iPhone = "UIInterfaceOrientationPortrait UIInterfaceOrientationLandscapeLeft UIInterfaceOrientationLandscapeRight";
				IPHONEOS_DEPLOYMENT_TARGET = 15.4;
				LD_RUNPATH_SEARCH_PATHS = (
					"$(inherited)",
					"@executable_path/Frameworks",
				);
				MARKETING_VERSION = 1.0;
				PRODUCT_BUNDLE_IDENTIFIER = me.jinwook.kim.SunnySideAgencyLandingPage;
				PRODUCT_NAME = "SunnySide Agency Landing Page";
				SDKROOT = iphoneos;
				SWIFT_EMIT_LOC_STRINGS = YES;
				SWIFT_VERSION = 5.0;
				TARGETED_DEVICE_FAMILY = "1,2";
			};
			name = Debug;
		};
		90763A79280E5B0900AB956E /* Release */ = {
			isa = XCBuildConfiguration;
			buildSettings = {
				ASSETCATALOG_COMPILER_APPICON_NAME = AppIcon;
				ASSETCATALOG_COMPILER_GLOBAL_ACCENT_COLOR_NAME = AccentColor;
				CODE_SIGN_STYLE = Automatic;
				CURRENT_PROJECT_VERSION = 1;
				DEVELOPMENT_TEAM = 862P2X6G9G;
				ENABLE_PREVIEWS = YES;
				GENERATE_INFOPLIST_FILE = YES;
				INFOPLIST_KEY_UIApplicationSceneManifest_Generation = YES;
				INFOPLIST_KEY_UIApplicationSupportsIndirectInputEvents = YES;
				INFOPLIST_KEY_UILaunchScreen_Generation = YES;
				INFOPLIST_KEY_UISupportedInterfaceOrientations_iPad = "UIInterfaceOrientationPortrait UIInterfaceOrientationPortraitUpsideDown UIInterfaceOrientationLandscapeLeft UIInterfaceOrientationLandscapeRight";
				INFOPLIST_KEY_UISupportedInterfaceOrientations_iPhone = "UIInterfaceOrientationPortrait UIInterfaceOrientationLandscapeLeft UIInterfaceOrientationLandscapeRight";
				IPHONEOS_DEPLOYMENT_TARGET = 15.4;
				LD_RUNPATH_SEARCH_PATHS = (
					"$(inherited)",
					"@executable_path/Frameworks",
				);
				MARKETING_VERSION = 1.0;
				PRODUCT_BUNDLE_IDENTIFIER = me.jinwook.kim.SunnySideAgencyLandingPage;
				PRODUCT_NAME = "SunnySide Agency Landing Page";
				SDKROOT = iphoneos;
				SWIFT_EMIT_LOC_STRINGS = YES;
				SWIFT_VERSION = 5.0;
				TARGETED_DEVICE_FAMILY = "1,2";
				VALIDATE_PRODUCT = YES;
			};
			name = Release;
		};
		90763A7B280E5B0900AB956E /* Debug */ = {
			isa = XCBuildConfiguration;
			buildSettings = {
				ASSETCATALOG_COMPILER_APPICON_NAME = AppIcon;
				ASSETCATALOG_COMPILER_GLOBAL_ACCENT_COLOR_NAME = AccentColor;
				CODE_SIGN_ENTITLEMENTS = macOS/macOS.entitlements;
				CODE_SIGN_STYLE = Automatic;
				COMBINE_HIDPI_IMAGES = YES;
				CURRENT_PROJECT_VERSION = 1;
				DEVELOPMENT_TEAM = 862P2X6G9G;
				ENABLE_HARDENED_RUNTIME = YES;
				ENABLE_PREVIEWS = YES;
				GENERATE_INFOPLIST_FILE = YES;
				INFOPLIST_KEY_NSHumanReadableCopyright = "";
				LD_RUNPATH_SEARCH_PATHS = (
					"$(inherited)",
					"@executable_path/../Frameworks",
				);
				MACOSX_DEPLOYMENT_TARGET = 12.3;
				MARKETING_VERSION = 1.0;
				PRODUCT_BUNDLE_IDENTIFIER = me.jinwook.kim.SunnySideAgencyLandingPage;
				PRODUCT_NAME = "SunnySide Agency Landing Page";
				SDKROOT = macosx;
				SWIFT_EMIT_LOC_STRINGS = YES;
				SWIFT_VERSION = 5.0;
			};
			name = Debug;
		};
		90763A7C280E5B0900AB956E /* Release */ = {
			isa = XCBuildConfiguration;
			buildSettings = {
				ASSETCATALOG_COMPILER_APPICON_NAME = AppIcon;
				ASSETCATALOG_COMPILER_GLOBAL_ACCENT_COLOR_NAME = AccentColor;
				CODE_SIGN_ENTITLEMENTS = macOS/macOS.entitlements;
				CODE_SIGN_STYLE = Automatic;
				COMBINE_HIDPI_IMAGES = YES;
				CURRENT_PROJECT_VERSION = 1;
				DEVELOPMENT_TEAM = 862P2X6G9G;
				ENABLE_HARDENED_RUNTIME = YES;
				ENABLE_PREVIEWS = YES;
				GENERATE_INFOPLIST_FILE = YES;
				INFOPLIST_KEY_NSHumanReadableCopyright = "";
				LD_RUNPATH_SEARCH_PATHS = (
					"$(inherited)",
					"@executable_path/../Frameworks",
				);
				MACOSX_DEPLOYMENT_TARGET = 12.3;
				MARKETING_VERSION = 1.0;
				PRODUCT_BUNDLE_IDENTIFIER = me.jinwook.kim.SunnySideAgencyLandingPage;
				PRODUCT_NAME = "SunnySide Agency Landing Page";
				SDKROOT = macosx;
				SWIFT_EMIT_LOC_STRINGS = YES;
				SWIFT_VERSION = 5.0;
			};
			name = Release;
		};
/* End XCBuildConfiguration section */

/* Begin XCConfigurationList section */
		90763A5D280E5B0700AB956E /* Build configuration list for PBXProject "SunnySide Agency Landing Page" */ = {
			isa = XCConfigurationList;
			buildConfigurations = (
				90763A75280E5B0900AB956E /* Debug */,
				90763A76280E5B0900AB956E /* Release */,
			);
			defaultConfigurationIsVisible = 0;
			defaultConfigurationName = Release;
		};
		90763A77280E5B0900AB956E /* Build configuration list for PBXNativeTarget "SunnySide Agency Landing Page (iOS)" */ = {
			isa = XCConfigurationList;
			buildConfigurations = (
				90763A78280E5B0900AB956E /* Debug */,
				90763A79280E5B0900AB956E /* Release */,
			);
			defaultConfigurationIsVisible = 0;
			defaultConfigurationName = Release;
		};
		90763A7A280E5B0900AB956E /* Build configuration list for PBXNativeTarget "SunnySide Agency Landing Page (macOS)" */ = {
			isa = XCConfigurationList;
			buildConfigurations = (
				90763A7B280E5B0900AB956E /* Debug */,
				90763A7C280E5B0900AB956E /* Release */,
			);
			defaultConfigurationIsVisible = 0;
			defaultConfigurationName = Release;
		};
/* End XCConfigurationList section */
	};
	rootObject = 90763A5A280E5B0700AB956E /* Project object */;
}
